# This file was autogenerated by Stack.
# You should not edit this file by hand.
# For more information, please see the documentation at:
#   https://docs.haskellstack.org/en/stable/lock_files

packages:
- completed:
    hackage: directory-1.3.8.4@sha256:ae1730011f547153bb52139f217d1d524202b3da730a369660fc539e5dcfff31,3166
    pantry-tree:
      sha256: 50d96f756127905775cdaa1caf1236bc6cd69985500ce7e978c1a9cc84f7493e
      size: 3519
  original:
    hackage: directory-1.3.8.4
- completed:
    hackage: filepath-1.4.300.2@sha256:345cbb1afe414a09e47737e4d14cbd51891a734e67c0ef3d77a1439518bb81e8,5900
    pantry-tree:
      sha256: 2420f7addc917bf41970a8980f52abe431b1a0fb711b00795effbb289c8ea76c
      size: 3998
  original:
    hackage: filepath-1.4.300.2
- completed:
    hackage: process-1.6.2.0@sha256:ec9465589bec7b321cf11c4f104eba2d316c7d926fb69ea1ea05b6b2530795d6,2490
    pantry-tree:
      sha256: f310e1d60d45797e5618819ce1b662db990fb40e95d14f63b0e6fe94a7e3700c
      size: 1211
  original:
    hackage: process-1.6.2.0
- completed:
    hackage: rere-0.2@sha256:3bb3421c195b480f58bbfb34e09282503fb2073eb1f04b0df8de8018b508a105,4193
    pantry-tree:
      sha256: 172dff06762c08fcc3e38c5c7c2c8aa028f920dd2841336ca1278ff4ac192521
      size: 1293
  original:
    hackage: rere-0.2@rev:3
- completed:
    hackage: semaphore-compat-1.0.0@sha256:8ed6242cab5b0e1a8c654424275ac178035d108dfe4d651053947790fcf83017,1181
    pantry-tree:
      sha256: 5e2be1543091006c14d01b4d0eabcf57abdafcb1cbb73d681cdbb63f14564ff6
      size: 277
  original:
    hackage: semaphore-compat-1.0.0@rev:1
- completed:
    hackage: unix-2.8.5.1@sha256:3f702a252a313a7bcb56e3908a14e7f9f1b40e41b7bdc8ae8a9605a1a8686f06,9808
    pantry-tree:
      sha256: b961320db69795a16c4ef4eebb0a3e7ddbbbe506fa1e22dde95ee8d8501bfbe5
      size: 5821
  original:
    hackage: unix-2.8.5.1
- completed:
    hackage: zinza-0.2@sha256:9adc736bd9b2b0998bb8ee1b71ca5fdf3338267392f1ef2af5aa07c889474da4,2251
    pantry-tree:
      sha256: 86518809ff429f3048beae14720cc7694c779a29a76006d717fd33ccac44c181
      size: 2813
  original:
    hackage: zinza-0.2
snapshots:
- completed:
    sha256: a81fb3877c4f9031e1325eb3935122e608d80715dc16b586eb11ddbff8671ecd
    size: 640086
    url: https://raw.githubusercontent.com/commercialhaskell/stackage-snapshots/master/lts/21/25.yaml
  original: lts-21.25
